
Microsoft Visual Studio Solution File, Format Version 12.00
# Visual Studio 14
VisualStudioVersion = 14.0.25420.1
MinimumVisualStudioVersion = 10.0.40219.1
Project("{FAE04EC0-301F-11D3-BF4B-00C04F79EFBC}") = "Compression", "Compression\Compression.csproj", "{B038DC82-BCC0-4A94-BBF5-B3003768BA34}"
EndProject
Global
	GlobalSection(SolutionConfigurationPlatforms) = preSolution
		Debug|Any CPU = Debug|Any CPU
		Release|Any CPU = Release|Any CPU
	EndGlobalSection
	GlobalSection(ProjectConfigurationPlatforms) = postSolution
		{B038DC82-BCC0-4A94-BBF5-B3003768BA34}.Debug|Any CPU.ActiveCfg = Debug|Any CPU
		{B038DC82-BCC0-4A94-BBF5-B3003768BA34}.Debug|Any CPU.Build.0 = Debug|Any CPU
		{B038DC82-BCC0-4A94-BBF5-B3003768BA34}.Release|Any CPU.ActiveCfg = Release|Any CPU
		{B038DC82-BCC0-4A94-BBF5-B3003768BA34}.Release|Any CPU.Build.0 = Release|Any CPU
	EndGlobalSection
	GlobalSection(SolutionProperties) = preSolution
		HideSolutionNode = FALSE
	EndGlobalSection
EndGlobal
